
Microsoft Visual Studio Solution File, Format Version 12.00
# Visual Studio Version 17
VisualStudioVersion = 17.3.32825.248
MinimumVisualStudioVersion = 10.0.40219.1
Project("{FAE04EC0-301F-11D3-BF4B-00C04F79EFBC}") = "SeleniumCSharpNetCore", "SeleniumCSharpNetCore\SeleniumCSharpNetCore.csproj", "{DA103432-6DA1-4BA2-91B3-153C92860A89}"
EndProject
Global
	GlobalSection(SolutionConfigurationPlatforms) = preSolution
		Debug|Any CPU = Debug|Any CPU
		Release|Any CPU = Release|Any CPU
	EndGlobalSection
	GlobalSection(ProjectConfigurationPlatforms) = postSolution
		{DA103432-6DA1-4BA2-91B3-153C92860A89}.Debug|Any CPU.ActiveCfg = Debug|Any CPU
		{DA103432-6DA1-4BA2-91B3-153C92860A89}.Debug|Any CPU.Build.0 = Debug|Any CPU
		{DA103432-6DA1-4BA2-91B3-153C92860A89}.Release|Any CPU.ActiveCfg = Release|Any CPU
		{DA103432-6DA1-4BA2-91B3-153C92860A89}.Release|Any CPU.Build.0 = Release|Any CPU
	EndGlobalSection
	GlobalSection(SolutionProperties) = preSolution
		HideSolutionNode = FALSE
	EndGlobalSection
	GlobalSection(ExtensibilityGlobals) = postSolution
		SolutionGuid = {FFA6C6FB-9FA5-49B3-AE61-E85580106AE8}
	EndGlobalSection
EndGlobal
